
Microsoft Visual Studio Solution File, Format Version 12.00
# Visual Studio 15
VisualStudioVersion = 15.0.27130.2027
MinimumVisualStudioVersion = 10.0.40219.1
Project("{FAE04EC0-301F-11D3-BF4B-00C04F79EFBC}") = "02.WebServer-HTTP-Protocol", "02.WebServer-HTTP-Protocol\02.WebServer-HTTP-Protocol.csproj", "{316EE7F1-83FD-4471-93DB-2CAD9AD7ACB3}"
EndProject
Project("{9A19103F-16F7-4668-BE54-9A1E7A4F7556}") = "02.ValidateURL", "02.ValidateURL\02.ValidateURL.csproj", "{D1A8183C-499B-4B3B-8A25-3867611C5E92}"
EndProject
Project("{FAE04EC0-301F-11D3-BF4B-00C04F79EFBC}") = "03.RequestParser", "03.RequestParser\03.RequestParser.csproj", "{2641C194-227E-4C40-A866-E7BEDAD38563}"
EndProject
Global
	GlobalSection(SolutionConfigurationPlatforms) = preSolution
		Debug|Any CPU = Debug|Any CPU
		Release|Any CPU = Release|Any CPU
	EndGlobalSection
	GlobalSection(ProjectConfigurationPlatforms) = postSolution
		{316EE7F1-83FD-4471-93DB-2CAD9AD7ACB3}.Debug|Any CPU.ActiveCfg = Debug|Any CPU
		{316EE7F1-83FD-4471-93DB-2CAD9AD7ACB3}.Debug|Any CPU.Build.0 = Debug|Any CPU
		{316EE7F1-83FD-4471-93DB-2CAD9AD7ACB3}.Release|Any CPU.ActiveCfg = Release|Any CPU
		{316EE7F1-83FD-4471-93DB-2CAD9AD7ACB3}.Release|Any CPU.Build.0 = Release|Any CPU
		{D1A8183C-499B-4B3B-8A25-3867611C5E92}.Debug|Any CPU.ActiveCfg = Debug|Any CPU
		{D1A8183C-499B-4B3B-8A25-3867611C5E92}.Debug|Any CPU.Build.0 = Debug|Any CPU
		{D1A8183C-499B-4B3B-8A25-3867611C5E92}.Release|Any CPU.ActiveCfg = Release|Any CPU
		{D1A8183C-499B-4B3B-8A25-3867611C5E92}.Release|Any CPU.Build.0 = Release|Any CPU
		{2641C194-227E-4C40-A866-E7BEDAD38563}.Debug|Any CPU.ActiveCfg = Debug|Any CPU
		{2641C194-227E-4C40-A866-E7BEDAD38563}.Debug|Any CPU.Build.0 = Debug|Any CPU
		{2641C194-227E-4C40-A866-E7BEDAD38563}.Release|Any CPU.ActiveCfg = Release|Any CPU
		{2641C194-227E-4C40-A866-E7BEDAD38563}.Release|Any CPU.Build.0 = Release|Any CPU
	EndGlobalSection
	GlobalSection(SolutionProperties) = preSolution
		HideSolutionNode = FALSE
	EndGlobalSection
	GlobalSection(ExtensibilityGlobals) = postSolution
		SolutionGuid = {49B8AE3A-4A6D-4415-AEE8-41ED31BF3D59}
	EndGlobalSection
EndGlobal
